
Microsoft Visual Studio Solution File, Format Version 12.00
# Visual Studio Version 17
VisualStudioVersion = 17.6.33815.320
MinimumVisualStudioVersion = 10.0.40219.1
Project("{2150E333-8FDC-42A3-9474-1A3956D46DE8}") = "Rpg", "Rpg", "{CF5639AE-821E-4D5D-A2E7-6393BC93E70E}"
EndProject
Project("{9A19103F-16F7-4668-BE54-9A1E7A4F7556}") = "Rpg.Core", "Rpg\Rpg.Core\Rpg.Core.csproj", "{30F28FBF-C466-466B-B34E-264CE555B316}"
EndProject
Project("{2150E333-8FDC-42A3-9474-1A3956D46DE8}") = "Tests", "Tests", "{9259AD48-EA07-4D73-9DE6-2C8B6A43239A}"
EndProject
Project("{9A19103F-16F7-4668-BE54-9A1E7A4F7556}") = "Rpg.Core.Tests", "Rpg\Tests\Rpg.Core.Tests\Rpg.Core.Tests.csproj", "{53CF4291-E511-410D-BD9C-6B51F7570843}"
EndProject
Project("{2150E333-8FDC-42A3-9474-1A3956D46DE8}") = "Tests", "Tests", "{964C481E-7BC7-4572-AA5E-B3197F055D93}"
EndProject
Project("{2150E333-8FDC-42A3-9474-1A3956D46DE8}") = "ElegantCode", "ElegantCode", "{852B1B8B-2101-4018-8418-8F40AD5B936E}"
EndProject
Project("{9A19103F-16F7-4668-BE54-9A1E7A4F7556}") = "ElegantCode.Fundamental", "ElegantCode\ElegantCode.Fundamental\ElegantCode.Fundamental.csproj", "{081B7A7F-C4DC-4FED-9F04-5E17BBD0F7E1}"
EndProject
Project("{9A19103F-16F7-4668-BE54-9A1E7A4F7556}") = "ElegantCode.Fundamental.Tests", "ElegantCode\ElegantCode.Fundamental.Tests\ElegantCode.Fundamental.Tests.csproj", "{49030C7C-072B-436F-A7F3-A315E6D272BC}"
EndProject
Project("{9A19103F-16F7-4668-BE54-9A1E7A4F7556}") = "Rpg.Providers.Tests", "Rpg\Tests\Rpg.Providers.Tests\Rpg.Providers.Tests.csproj", "{ABA55551-699E-4945-96D1-679C5AA413BC}"
EndProject
Project("{9A19103F-16F7-4668-BE54-9A1E7A4F7556}") = "Rpg.Providers", "Rpg\Rpg.Providers\Rpg.Providers.csproj", "{D78DB4BC-1FC5-4B27-91E1-329F23A9F65A}"
EndProject
Project("{9A19103F-16F7-4668-BE54-9A1E7A4F7556}") = "Rpg.Core.WpfLibrary.Tests", "Rpg\Tests\Rpg.Core.WpfLibrary.Tests\Rpg.Core.WpfLibrary.Tests.csproj", "{BD97CC22-DE3F-4DEE-B632-E49EF8A3D233}"
EndProject
Project("{FAE04EC0-301F-11D3-BF4B-00C04F79EFBC}") = "Rpg.Core.WpfLibrary", "Rpg\Rpg.Core.WpfLibrary\Rpg.Core.WpfLibrary.csproj", "{9536C5FC-8D48-41EE-A9BE-BFD5F7C82582}"
EndProject
Global
	GlobalSection(SolutionConfigurationPlatforms) = preSolution
		Debug|Any CPU = Debug|Any CPU
		Release|Any CPU = Release|Any CPU
	EndGlobalSection
	GlobalSection(ProjectConfigurationPlatforms) = postSolution
		{30F28FBF-C466-466B-B34E-264CE555B316}.Debug|Any CPU.ActiveCfg = Debug|Any CPU
		{30F28FBF-C466-466B-B34E-264CE555B316}.Debug|Any CPU.Build.0 = Debug|Any CPU
		{30F28FBF-C466-466B-B34E-264CE555B316}.Release|Any CPU.ActiveCfg = Release|Any CPU
		{30F28FBF-C466-466B-B34E-264CE555B316}.Release|Any CPU.Build.0 = Release|Any CPU
		{53CF4291-E511-410D-BD9C-6B51F7570843}.Debug|Any CPU.ActiveCfg = Debug|Any CPU
		{53CF4291-E511-410D-BD9C-6B51F7570843}.Debug|Any CPU.Build.0 = Debug|Any CPU
		{53CF4291-E511-410D-BD9C-6B51F7570843}.Release|Any CPU.ActiveCfg = Release|Any CPU
		{53CF4291-E511-410D-BD9C-6B51F7570843}.Release|Any CPU.Build.0 = Release|Any CPU
		{081B7A7F-C4DC-4FED-9F04-5E17BBD0F7E1}.Debug|Any CPU.ActiveCfg = Debug|Any CPU
		{081B7A7F-C4DC-4FED-9F04-5E17BBD0F7E1}.Debug|Any CPU.Build.0 = Debug|Any CPU
		{081B7A7F-C4DC-4FED-9F04-5E17BBD0F7E1}.Release|Any CPU.ActiveCfg = Release|Any CPU
		{081B7A7F-C4DC-4FED-9F04-5E17BBD0F7E1}.Release|Any CPU.Build.0 = Release|Any CPU
		{49030C7C-072B-436F-A7F3-A315E6D272BC}.Debug|Any CPU.ActiveCfg = Debug|Any CPU
		{49030C7C-072B-436F-A7F3-A315E6D272BC}.Debug|Any CPU.Build.0 = Debug|Any CPU
		{49030C7C-072B-436F-A7F3-A315E6D272BC}.Release|Any CPU.ActiveCfg = Release|Any CPU
		{49030C7C-072B-436F-A7F3-A315E6D272BC}.Release|Any CPU.Build.0 = Release|Any CPU
		{ABA55551-699E-4945-96D1-679C5AA413BC}.Debug|Any CPU.ActiveCfg = Debug|Any CPU
		{ABA55551-699E-4945-96D1-679C5AA413BC}.Debug|Any CPU.Build.0 = Debug|Any CPU
		{ABA55551-699E-4945-96D1-679C5AA413BC}.Release|Any CPU.ActiveCfg = Release|Any CPU
		{ABA55551-699E-4945-96D1-679C5AA413BC}.Release|Any CPU.Build.0 = Release|Any CPU
		{D78DB4BC-1FC5-4B27-91E1-329F23A9F65A}.Debug|Any CPU.ActiveCfg = Debug|Any CPU
		{D78DB4BC-1FC5-4B27-91E1-329F23A9F65A}.Debug|Any CPU.Build.0 = Debug|Any CPU
		{D78DB4BC-1FC5-4B27-91E1-329F23A9F65A}.Release|Any CPU.ActiveCfg = Release|Any CPU
		{D78DB4BC-1FC5-4B27-91E1-329F23A9F65A}.Release|Any CPU.Build.0 = Release|Any CPU
		{BD97CC22-DE3F-4DEE-B632-E49EF8A3D233}.Debug|Any CPU.ActiveCfg = Debug|Any CPU
		{BD97CC22-DE3F-4DEE-B632-E49EF8A3D233}.Debug|Any CPU.Build.0 = Debug|Any CPU
		{BD97CC22-DE3F-4DEE-B632-E49EF8A3D233}.Release|Any CPU.ActiveCfg = Release|Any CPU
		{BD97CC22-DE3F-4DEE-B632-E49EF8A3D233}.Release|Any CPU.Build.0 = Release|Any CPU
		{9536C5FC-8D48-41EE-A9BE-BFD5F7C82582}.Debug|Any CPU.ActiveCfg = Debug|Any CPU
		{9536C5FC-8D48-41EE-A9BE-BFD5F7C82582}.Debug|Any CPU.Build.0 = Debug|Any CPU
		{9536C5FC-8D48-41EE-A9BE-BFD5F7C82582}.Release|Any CPU.ActiveCfg = Release|Any CPU
		{9536C5FC-8D48-41EE-A9BE-BFD5F7C82582}.Release|Any CPU.Build.0 = Release|Any CPU
	EndGlobalSection
	GlobalSection(SolutionProperties) = preSolution
		HideSolutionNode = FALSE
	EndGlobalSection
	GlobalSection(NestedProjects) = preSolution
		{30F28FBF-C466-466B-B34E-264CE555B316} = {CF5639AE-821E-4D5D-A2E7-6393BC93E70E}
		{9259AD48-EA07-4D73-9DE6-2C8B6A43239A} = {CF5639AE-821E-4D5D-A2E7-6393BC93E70E}
		{53CF4291-E511-410D-BD9C-6B51F7570843} = {9259AD48-EA07-4D73-9DE6-2C8B6A43239A}
		{964C481E-7BC7-4572-AA5E-B3197F055D93} = {852B1B8B-2101-4018-8418-8F40AD5B936E}
		{081B7A7F-C4DC-4FED-9F04-5E17BBD0F7E1} = {852B1B8B-2101-4018-8418-8F40AD5B936E}
		{49030C7C-072B-436F-A7F3-A315E6D272BC} = {964C481E-7BC7-4572-AA5E-B3197F055D93}
		{ABA55551-699E-4945-96D1-679C5AA413BC} = {9259AD48-EA07-4D73-9DE6-2C8B6A43239A}
		{D78DB4BC-1FC5-4B27-91E1-329F23A9F65A} = {CF5639AE-821E-4D5D-A2E7-6393BC93E70E}
		{BD97CC22-DE3F-4DEE-B632-E49EF8A3D233} = {9259AD48-EA07-4D73-9DE6-2C8B6A43239A}
		{9536C5FC-8D48-41EE-A9BE-BFD5F7C82582} = {CF5639AE-821E-4D5D-A2E7-6393BC93E70E}
	EndGlobalSection
	GlobalSection(ExtensibilityGlobals) = postSolution
		SolutionGuid = {AEB4EC86-2B64-41DE-BCD0-21D8A48BB2A7}
	EndGlobalSection
EndGlobal
